
Microsoft Visual Studio Solution File, Format Version 12.00
# Visual Studio Version 17
VisualStudioVersion = 17.13.35919.96 d17.13
MinimumVisualStudioVersion = 10.0.40219.1
Project("{FAE04EC0-301F-11D3-BF4B-00C04F79EFBC}") = "ProyectoInventario", "ProyectoInventario\ProyectoInventario.csproj", "{2C5A4756-AF5D-4FCC-A83F-8577DA727E19}"
EndProject
Global
	GlobalSection(SolutionConfigurationPlatforms) = preSolution
		Debug|Any CPU = Debug|Any CPU
		Release|Any CPU = Release|Any CPU
	EndGlobalSection
	GlobalSection(ProjectConfigurationPlatforms) = postSolution
		{2C5A4756-AF5D-4FCC-A83F-8577DA727E19}.Debug|Any CPU.ActiveCfg = Debug|Any CPU
		{2C5A4756-AF5D-4FCC-A83F-8577DA727E19}.Debug|Any CPU.Build.0 = Debug|Any CPU
		{2C5A4756-AF5D-4FCC-A83F-8577DA727E19}.Release|Any CPU.ActiveCfg = Release|Any CPU
		{2C5A4756-AF5D-4FCC-A83F-8577DA727E19}.Release|Any CPU.Build.0 = Release|Any CPU
	EndGlobalSection
	GlobalSection(SolutionProperties) = preSolution
		HideSolutionNode = FALSE
	EndGlobalSection
	GlobalSection(ExtensibilityGlobals) = postSolution
		SolutionGuid = {373A53DC-C50B-4EB5-B4A9-FE76A7890B0A}
	EndGlobalSection
EndGlobal
